{
  "originHash" : "52bfe073233d68c1d26cd13486aa9a09a2ac9bcc5b247cd3631d9b88e47333e3",
  "pins" : [
    {
      "identity" : "bluesocket",
      "kind" : "remoteSourceControl",
      "location" : "https://github.com/Kitura/BlueSocket.git",
      "state" : {
        "revision" : "7b23a867008e0027bfd6f4d398d44720707bc8ca",
        "version" : "2.0.4"
      }
    }
  ],
  "version" : 3
}
